
Microsoft Visual Studio Solution File, Format Version 12.00
# Visual Studio Version 17
VisualStudioVersion = 17.0.31903.59
MinimumVisualStudioVersion = 10.0.40219.1
Project("{FAE04EC0-301F-11D3-BF4B-00C04F79EFBC}") = "API", "API\API.csproj", "{32369F5A-E873-4BD6-9210-2EEB6D7830A6}"
EndProject
Project("{FAE04EC0-301F-11D3-BF4B-00C04F79EFBC}") = "Application", "Application\Application.csproj", "{A47D1ABA-AD45-4FAA-8D99-7473F29AB3E5}"
EndProject
Project("{FAE04EC0-301F-11D3-BF4B-00C04F79EFBC}") = "Domain", "Domain\Domain.csproj", "{9B155AA4-872E-433A-97C7-FDF45288341A}"
EndProject
Project("{FAE04EC0-301F-11D3-BF4B-00C04F79EFBC}") = "Persistence", "Persistence\Persistence.csproj", "{0038EC9C-86E2-4893-AFF0-12279416178B}"
EndProject
Global
	GlobalSection(SolutionConfigurationPlatforms) = preSolution
		Debug|Any CPU = Debug|Any CPU
		Release|Any CPU = Release|Any CPU
	EndGlobalSection
	GlobalSection(SolutionProperties) = preSolution
		HideSolutionNode = FALSE
	EndGlobalSection
	GlobalSection(ProjectConfigurationPlatforms) = postSolution
		{32369F5A-E873-4BD6-9210-2EEB6D7830A6}.Debug|Any CPU.ActiveCfg = Debug|Any CPU
		{32369F5A-E873-4BD6-9210-2EEB6D7830A6}.Debug|Any CPU.Build.0 = Debug|Any CPU
		{32369F5A-E873-4BD6-9210-2EEB6D7830A6}.Release|Any CPU.ActiveCfg = Release|Any CPU
		{32369F5A-E873-4BD6-9210-2EEB6D7830A6}.Release|Any CPU.Build.0 = Release|Any CPU
		{A47D1ABA-AD45-4FAA-8D99-7473F29AB3E5}.Debug|Any CPU.ActiveCfg = Debug|Any CPU
		{A47D1ABA-AD45-4FAA-8D99-7473F29AB3E5}.Debug|Any CPU.Build.0 = Debug|Any CPU
		{A47D1ABA-AD45-4FAA-8D99-7473F29AB3E5}.Release|Any CPU.ActiveCfg = Release|Any CPU
		{A47D1ABA-AD45-4FAA-8D99-7473F29AB3E5}.Release|Any CPU.Build.0 = Release|Any CPU
		{9B155AA4-872E-433A-97C7-FDF45288341A}.Debug|Any CPU.ActiveCfg = Debug|Any CPU
		{9B155AA4-872E-433A-97C7-FDF45288341A}.Debug|Any CPU.Build.0 = Debug|Any CPU
		{9B155AA4-872E-433A-97C7-FDF45288341A}.Release|Any CPU.ActiveCfg = Release|Any CPU
		{9B155AA4-872E-433A-97C7-FDF45288341A}.Release|Any CPU.Build.0 = Release|Any CPU
		{0038EC9C-86E2-4893-AFF0-12279416178B}.Debug|Any CPU.ActiveCfg = Debug|Any CPU
		{0038EC9C-86E2-4893-AFF0-12279416178B}.Debug|Any CPU.Build.0 = Debug|Any CPU
		{0038EC9C-86E2-4893-AFF0-12279416178B}.Release|Any CPU.ActiveCfg = Release|Any CPU
		{0038EC9C-86E2-4893-AFF0-12279416178B}.Release|Any CPU.Build.0 = Release|Any CPU
	EndGlobalSection
EndGlobal
